
Microsoft Visual Studio Solution File, Format Version 12.00
# Visual Studio 15
VisualStudioVersion = 15.0.26124.0
MinimumVisualStudioVersion = 15.0.26124.0
Project("{2150E333-8FDC-42A3-9474-1A3956D46DE8}") = "Code", "Code", "{45BDFBAF-B619-4BAC-AA42-AF1EBB821A5E}"
EndProject
Project("{FAE04EC0-301F-11D3-BF4B-00C04F79EFBC}") = "backend.Api", "Code\backend.Api\backend.Api.csproj", "{309440D3-F99F-42B0-B968-9E3DBD0DA105}"
EndProject
Project("{FAE04EC0-301F-11D3-BF4B-00C04F79EFBC}") = "backend.Business", "Code\backend.Business\backend.Business.csproj", "{016B6AC3-6FB3-4CF5-9C46-6DEE12D9626D}"
EndProject
Project("{FAE04EC0-301F-11D3-BF4B-00C04F79EFBC}") = "backend.Data", "Code\backend.Data\backend.Data.csproj", "{45EA554C-FA7D-4945-A7B8-0166736B4A54}"
EndProject
Project("{FAE04EC0-301F-11D3-BF4B-00C04F79EFBC}") = "backend.Entities", "Code\backend.Entities\backend.Entities.csproj", "{2430B8CA-1927-4D06-B803-4CB424B3E315}"
EndProject
Project("{FAE04EC0-301F-11D3-BF4B-00C04F79EFBC}") = "backend.Test.Api", "Code\backend.Test.Api\backend.Test.Api.csproj", "{5E0B3F5C-72CB-4CB4-9F3C-4E6D227F4F91}"
EndProject
Project("{FAE04EC0-301F-11D3-BF4B-00C04F79EFBC}") = "backend.Test.Business", "Code\backend.Test.Business\backend.Test.Business.csproj", "{35AC1505-B3CB-4335-927D-560E16BE793A}"
EndProject
Project("{FAE04EC0-301F-11D3-BF4B-00C04F79EFBC}") = "backend.Test.Framework", "Code\backend.Test.Framework\backend.Test.Framework.csproj", "{76CDEA48-9A5E-4967-8F68-1D9AD5E06F13}"
EndProject
Project("{2150E333-8FDC-42A3-9474-1A3956D46DE8}") = "Test", "Test", "{4F341C16-7F26-4901-9E2F-99CDE4FE66A3}"
EndProject
Global
	GlobalSection(SolutionConfigurationPlatforms) = preSolution
		Debug|Any CPU = Debug|Any CPU
		Debug|x64 = Debug|x64
		Debug|x86 = Debug|x86
		Release|Any CPU = Release|Any CPU
		Release|x64 = Release|x64
		Release|x86 = Release|x86
	EndGlobalSection
	GlobalSection(SolutionProperties) = preSolution
		HideSolutionNode = FALSE
	EndGlobalSection
	GlobalSection(ProjectConfigurationPlatforms) = postSolution
		{309440D3-F99F-42B0-B968-9E3DBD0DA105}.Debug|Any CPU.ActiveCfg = Debug|Any CPU
		{309440D3-F99F-42B0-B968-9E3DBD0DA105}.Debug|Any CPU.Build.0 = Debug|Any CPU
		{309440D3-F99F-42B0-B968-9E3DBD0DA105}.Debug|x64.ActiveCfg = Debug|Any CPU
		{309440D3-F99F-42B0-B968-9E3DBD0DA105}.Debug|x64.Build.0 = Debug|Any CPU
		{309440D3-F99F-42B0-B968-9E3DBD0DA105}.Debug|x86.ActiveCfg = Debug|Any CPU
		{309440D3-F99F-42B0-B968-9E3DBD0DA105}.Debug|x86.Build.0 = Debug|Any CPU
		{309440D3-F99F-42B0-B968-9E3DBD0DA105}.Release|Any CPU.ActiveCfg = Release|Any CPU
		{309440D3-F99F-42B0-B968-9E3DBD0DA105}.Release|Any CPU.Build.0 = Release|Any CPU
		{309440D3-F99F-42B0-B968-9E3DBD0DA105}.Release|x64.ActiveCfg = Release|Any CPU
		{309440D3-F99F-42B0-B968-9E3DBD0DA105}.Release|x64.Build.0 = Release|Any CPU
		{309440D3-F99F-42B0-B968-9E3DBD0DA105}.Release|x86.ActiveCfg = Release|Any CPU
		{309440D3-F99F-42B0-B968-9E3DBD0DA105}.Release|x86.Build.0 = Release|Any CPU
		{016B6AC3-6FB3-4CF5-9C46-6DEE12D9626D}.Debug|Any CPU.ActiveCfg = Debug|Any CPU
		{016B6AC3-6FB3-4CF5-9C46-6DEE12D9626D}.Debug|Any CPU.Build.0 = Debug|Any CPU
		{016B6AC3-6FB3-4CF5-9C46-6DEE12D9626D}.Debug|x64.ActiveCfg = Debug|Any CPU
		{016B6AC3-6FB3-4CF5-9C46-6DEE12D9626D}.Debug|x64.Build.0 = Debug|Any CPU
		{016B6AC3-6FB3-4CF5-9C46-6DEE12D9626D}.Debug|x86.ActiveCfg = Debug|Any CPU
		{016B6AC3-6FB3-4CF5-9C46-6DEE12D9626D}.Debug|x86.Build.0 = Debug|Any CPU
		{016B6AC3-6FB3-4CF5-9C46-6DEE12D9626D}.Release|Any CPU.ActiveCfg = Release|Any CPU
		{016B6AC3-6FB3-4CF5-9C46-6DEE12D9626D}.Release|Any CPU.Build.0 = Release|Any CPU
		{016B6AC3-6FB3-4CF5-9C46-6DEE12D9626D}.Release|x64.ActiveCfg = Release|Any CPU
		{016B6AC3-6FB3-4CF5-9C46-6DEE12D9626D}.Release|x64.Build.0 = Release|Any CPU
		{016B6AC3-6FB3-4CF5-9C46-6DEE12D9626D}.Release|x86.ActiveCfg = Release|Any CPU
		{016B6AC3-6FB3-4CF5-9C46-6DEE12D9626D}.Release|x86.Build.0 = Release|Any CPU
		{45EA554C-FA7D-4945-A7B8-0166736B4A54}.Debug|Any CPU.ActiveCfg = Debug|Any CPU
		{45EA554C-FA7D-4945-A7B8-0166736B4A54}.Debug|Any CPU.Build.0 = Debug|Any CPU
		{45EA554C-FA7D-4945-A7B8-0166736B4A54}.Debug|x64.ActiveCfg = Debug|Any CPU
		{45EA554C-FA7D-4945-A7B8-0166736B4A54}.Debug|x64.Build.0 = Debug|Any CPU
		{45EA554C-FA7D-4945-A7B8-0166736B4A54}.Debug|x86.ActiveCfg = Debug|Any CPU
		{45EA554C-FA7D-4945-A7B8-0166736B4A54}.Debug|x86.Build.0 = Debug|Any CPU
		{45EA554C-FA7D-4945-A7B8-0166736B4A54}.Release|Any CPU.ActiveCfg = Release|Any CPU
		{45EA554C-FA7D-4945-A7B8-0166736B4A54}.Release|Any CPU.Build.0 = Release|Any CPU
		{45EA554C-FA7D-4945-A7B8-0166736B4A54}.Release|x64.ActiveCfg = Release|Any CPU
		{45EA554C-FA7D-4945-A7B8-0166736B4A54}.Release|x64.Build.0 = Release|Any CPU
		{45EA554C-FA7D-4945-A7B8-0166736B4A54}.Release|x86.ActiveCfg = Release|Any CPU
		{45EA554C-FA7D-4945-A7B8-0166736B4A54}.Release|x86.Build.0 = Release|Any CPU
		{2430B8CA-1927-4D06-B803-4CB424B3E315}.Debug|Any CPU.ActiveCfg = Debug|Any CPU
		{2430B8CA-1927-4D06-B803-4CB424B3E315}.Debug|Any CPU.Build.0 = Debug|Any CPU
		{2430B8CA-1927-4D06-B803-4CB424B3E315}.Debug|x64.ActiveCfg = Debug|Any CPU
		{2430B8CA-1927-4D06-B803-4CB424B3E315}.Debug|x64.Build.0 = Debug|Any CPU
		{2430B8CA-1927-4D06-B803-4CB424B3E315}.Debug|x86.ActiveCfg = Debug|Any CPU
		{2430B8CA-1927-4D06-B803-4CB424B3E315}.Debug|x86.Build.0 = Debug|Any CPU
		{2430B8CA-1927-4D06-B803-4CB424B3E315}.Release|Any CPU.ActiveCfg = Release|Any CPU
		{2430B8CA-1927-4D06-B803-4CB424B3E315}.Release|Any CPU.Build.0 = Release|Any CPU
		{2430B8CA-1927-4D06-B803-4CB424B3E315}.Release|x64.ActiveCfg = Release|Any CPU
		{2430B8CA-1927-4D06-B803-4CB424B3E315}.Release|x64.Build.0 = Release|Any CPU
		{2430B8CA-1927-4D06-B803-4CB424B3E315}.Release|x86.ActiveCfg = Release|Any CPU
		{2430B8CA-1927-4D06-B803-4CB424B3E315}.Release|x86.Build.0 = Release|Any CPU
		{5E0B3F5C-72CB-4CB4-9F3C-4E6D227F4F91}.Debug|Any CPU.ActiveCfg = Debug|Any CPU
		{5E0B3F5C-72CB-4CB4-9F3C-4E6D227F4F91}.Debug|Any CPU.Build.0 = Debug|Any CPU
		{5E0B3F5C-72CB-4CB4-9F3C-4E6D227F4F91}.Debug|x64.ActiveCfg = Debug|Any CPU
		{5E0B3F5C-72CB-4CB4-9F3C-4E6D227F4F91}.Debug|x64.Build.0 = Debug|Any CPU
		{5E0B3F5C-72CB-4CB4-9F3C-4E6D227F4F91}.Debug|x86.ActiveCfg = Debug|Any CPU
		{5E0B3F5C-72CB-4CB4-9F3C-4E6D227F4F91}.Debug|x86.Build.0 = Debug|Any CPU
		{5E0B3F5C-72CB-4CB4-9F3C-4E6D227F4F91}.Release|Any CPU.ActiveCfg = Release|Any CPU
		{5E0B3F5C-72CB-4CB4-9F3C-4E6D227F4F91}.Release|Any CPU.Build.0 = Release|Any CPU
		{5E0B3F5C-72CB-4CB4-9F3C-4E6D227F4F91}.Release|x64.ActiveCfg = Release|Any CPU
		{5E0B3F5C-72CB-4CB4-9F3C-4E6D227F4F91}.Release|x64.Build.0 = Release|Any CPU
		{5E0B3F5C-72CB-4CB4-9F3C-4E6D227F4F91}.Release|x86.ActiveCfg = Release|Any CPU
		{5E0B3F5C-72CB-4CB4-9F3C-4E6D227F4F91}.Release|x86.Build.0 = Release|Any CPU
		{35AC1505-B3CB-4335-927D-560E16BE793A}.Debug|Any CPU.ActiveCfg = Debug|Any CPU
		{35AC1505-B3CB-4335-927D-560E16BE793A}.Debug|Any CPU.Build.0 = Debug|Any CPU
		{35AC1505-B3CB-4335-927D-560E16BE793A}.Debug|x64.ActiveCfg = Debug|Any CPU
		{35AC1505-B3CB-4335-927D-560E16BE793A}.Debug|x64.Build.0 = Debug|Any CPU
		{35AC1505-B3CB-4335-927D-560E16BE793A}.Debug|x86.ActiveCfg = Debug|Any CPU
		{35AC1505-B3CB-4335-927D-560E16BE793A}.Debug|x86.Build.0 = Debug|Any CPU
		{35AC1505-B3CB-4335-927D-560E16BE793A}.Release|Any CPU.ActiveCfg = Release|Any CPU
		{35AC1505-B3CB-4335-927D-560E16BE793A}.Release|Any CPU.Build.0 = Release|Any CPU
		{35AC1505-B3CB-4335-927D-560E16BE793A}.Release|x64.ActiveCfg = Release|Any CPU
		{35AC1505-B3CB-4335-927D-560E16BE793A}.Release|x64.Build.0 = Release|Any CPU
		{35AC1505-B3CB-4335-927D-560E16BE793A}.Release|x86.ActiveCfg = Release|Any CPU
		{35AC1505-B3CB-4335-927D-560E16BE793A}.Release|x86.Build.0 = Release|Any CPU
		{76CDEA48-9A5E-4967-8F68-1D9AD5E06F13}.Debug|Any CPU.ActiveCfg = Debug|Any CPU
		{76CDEA48-9A5E-4967-8F68-1D9AD5E06F13}.Debug|Any CPU.Build.0 = Debug|Any CPU
		{76CDEA48-9A5E-4967-8F68-1D9AD5E06F13}.Debug|x64.ActiveCfg = Debug|Any CPU
		{76CDEA48-9A5E-4967-8F68-1D9AD5E06F13}.Debug|x64.Build.0 = Debug|Any CPU
		{76CDEA48-9A5E-4967-8F68-1D9AD5E06F13}.Debug|x86.ActiveCfg = Debug|Any CPU
		{76CDEA48-9A5E-4967-8F68-1D9AD5E06F13}.Debug|x86.Build.0 = Debug|Any CPU
		{76CDEA48-9A5E-4967-8F68-1D9AD5E06F13}.Release|Any CPU.ActiveCfg = Release|Any CPU
		{76CDEA48-9A5E-4967-8F68-1D9AD5E06F13}.Release|Any CPU.Build.0 = Release|Any CPU
		{76CDEA48-9A5E-4967-8F68-1D9AD5E06F13}.Release|x64.ActiveCfg = Release|Any CPU
		{76CDEA48-9A5E-4967-8F68-1D9AD5E06F13}.Release|x64.Build.0 = Release|Any CPU
		{76CDEA48-9A5E-4967-8F68-1D9AD5E06F13}.Release|x86.ActiveCfg = Release|Any CPU
		{76CDEA48-9A5E-4967-8F68-1D9AD5E06F13}.Release|x86.Build.0 = Release|Any CPU
	EndGlobalSection
	GlobalSection(NestedProjects) = preSolution
		{309440D3-F99F-42B0-B968-9E3DBD0DA105} = {45BDFBAF-B619-4BAC-AA42-AF1EBB821A5E}
		{016B6AC3-6FB3-4CF5-9C46-6DEE12D9626D} = {45BDFBAF-B619-4BAC-AA42-AF1EBB821A5E}
		{45EA554C-FA7D-4945-A7B8-0166736B4A54} = {45BDFBAF-B619-4BAC-AA42-AF1EBB821A5E}
		{2430B8CA-1927-4D06-B803-4CB424B3E315} = {45BDFBAF-B619-4BAC-AA42-AF1EBB821A5E}
		{5E0B3F5C-72CB-4CB4-9F3C-4E6D227F4F91} = {4F341C16-7F26-4901-9E2F-99CDE4FE66A3}
		{35AC1505-B3CB-4335-927D-560E16BE793A} = {4F341C16-7F26-4901-9E2F-99CDE4FE66A3}
		{76CDEA48-9A5E-4967-8F68-1D9AD5E06F13} = {4F341C16-7F26-4901-9E2F-99CDE4FE66A3}
	EndGlobalSection
EndGlobal
